
Microsoft Visual Studio Solution File, Format Version 12.00
# Visual Studio Version 16
VisualStudioVersion = 16.0.31729.503
MinimumVisualStudioVersion = 10.0.40219.1
Project("{9A19103F-16F7-4668-BE54-9A1E7A4F7556}") = "Entidades", "TP3_POKEMON\Entidades.csproj", "{3856E625-45C2-4D88-A30E-5F3655829802}"
EndProject
Project("{9A19103F-16F7-4668-BE54-9A1E7A4F7556}") = "FormLiga", "FormLiga\FormLiga.csproj", "{D80D1200-71B4-41CC-B8C8-AB164F5D8900}"
EndProject
Project("{FAE04EC0-301F-11D3-BF4B-00C04F79EFBC}") = "Test", "Test\Test.csproj", "{1C381F24-682F-486F-95B3-D6F2C3932F6C}"
EndProject
Global
	GlobalSection(SolutionConfigurationPlatforms) = preSolution
		Debug|Any CPU = Debug|Any CPU
		Release|Any CPU = Release|Any CPU
	EndGlobalSection
	GlobalSection(ProjectConfigurationPlatforms) = postSolution
		{3856E625-45C2-4D88-A30E-5F3655829802}.Debug|Any CPU.ActiveCfg = Debug|Any CPU
		{3856E625-45C2-4D88-A30E-5F3655829802}.Debug|Any CPU.Build.0 = Debug|Any CPU
		{3856E625-45C2-4D88-A30E-5F3655829802}.Release|Any CPU.ActiveCfg = Release|Any CPU
		{3856E625-45C2-4D88-A30E-5F3655829802}.Release|Any CPU.Build.0 = Release|Any CPU
		{D80D1200-71B4-41CC-B8C8-AB164F5D8900}.Debug|Any CPU.ActiveCfg = Debug|Any CPU
		{D80D1200-71B4-41CC-B8C8-AB164F5D8900}.Debug|Any CPU.Build.0 = Debug|Any CPU
		{D80D1200-71B4-41CC-B8C8-AB164F5D8900}.Release|Any CPU.ActiveCfg = Release|Any CPU
		{D80D1200-71B4-41CC-B8C8-AB164F5D8900}.Release|Any CPU.Build.0 = Release|Any CPU
		{1C381F24-682F-486F-95B3-D6F2C3932F6C}.Debug|Any CPU.ActiveCfg = Debug|Any CPU
		{1C381F24-682F-486F-95B3-D6F2C3932F6C}.Debug|Any CPU.Build.0 = Debug|Any CPU
		{1C381F24-682F-486F-95B3-D6F2C3932F6C}.Release|Any CPU.ActiveCfg = Release|Any CPU
		{1C381F24-682F-486F-95B3-D6F2C3932F6C}.Release|Any CPU.Build.0 = Release|Any CPU
	EndGlobalSection
	GlobalSection(SolutionProperties) = preSolution
		HideSolutionNode = FALSE
	EndGlobalSection
	GlobalSection(ExtensibilityGlobals) = postSolution
		SolutionGuid = {9FB7380B-484C-421A-8EC2-00D3FD7B01ED}
	EndGlobalSection
EndGlobal
